# THIS IS AN AUTOGENERATED FILE. DO NOT EDIT THIS FILE DIRECTLY.
# yarn lockfile v1


"@headlessui/vue@^1.6.1":
  version "1.6.1"
  resolved "https://registry.yarnpkg.com/@headlessui/vue/-/vue-1.6.1.tgz#772dde92ec3a3a494c827b1643a6d5538baabd29"
  integrity sha512-fccGN1hsFvS0P73NplZoOdX1rhyaH5jIQE9IUKNaaJC72mQjR3lVvZldo+iiLF5X1bqgl6pDixWdqS2kMGfFxA==
